
Microsoft Visual Studio Solution File, Format Version 12.00
# Visual Studio Version 17
VisualStudioVersion = 17.7.34024.191
MinimumVisualStudioVersion = 10.0.40219.1
Project("{FAE04EC0-301F-11D3-BF4B-00C04F79EFBC}") = "TDKiosk.Android", "TDKiosk\TDKiosk.Android\TDKiosk.Android.csproj", "{9956E999-3C77-451B-A2D6-6CD14B8E8EB5}"
EndProject
Project("{FAE04EC0-301F-11D3-BF4B-00C04F79EFBC}") = "TDKiosk", "TDKiosk\TDKiosk\TDKiosk.csproj", "{704E5329-9557-4A7A-8C19-524E1E9CA2E3}"
EndProject
Global
	GlobalSection(SolutionConfigurationPlatforms) = preSolution
		Debug|Any CPU = Debug|Any CPU
		Release|Any CPU = Release|Any CPU
	EndGlobalSection
	GlobalSection(ProjectConfigurationPlatforms) = postSolution
		{9956E999-3C77-451B-A2D6-6CD14B8E8EB5}.Debug|Any CPU.ActiveCfg = Debug|Any CPU
		{9956E999-3C77-451B-A2D6-6CD14B8E8EB5}.Debug|Any CPU.Build.0 = Debug|Any CPU
		{9956E999-3C77-451B-A2D6-6CD14B8E8EB5}.Debug|Any CPU.Deploy.0 = Debug|Any CPU
		{9956E999-3C77-451B-A2D6-6CD14B8E8EB5}.Release|Any CPU.ActiveCfg = Release|Any CPU
		{9956E999-3C77-451B-A2D6-6CD14B8E8EB5}.Release|Any CPU.Build.0 = Release|Any CPU
		{9956E999-3C77-451B-A2D6-6CD14B8E8EB5}.Release|Any CPU.Deploy.0 = Release|Any CPU
		{704E5329-9557-4A7A-8C19-524E1E9CA2E3}.Debug|Any CPU.ActiveCfg = Debug|Any CPU
		{704E5329-9557-4A7A-8C19-524E1E9CA2E3}.Debug|Any CPU.Build.0 = Debug|Any CPU
		{704E5329-9557-4A7A-8C19-524E1E9CA2E3}.Release|Any CPU.ActiveCfg = Release|Any CPU
		{704E5329-9557-4A7A-8C19-524E1E9CA2E3}.Release|Any CPU.Build.0 = Release|Any CPU
	EndGlobalSection
	GlobalSection(SolutionProperties) = preSolution
		HideSolutionNode = FALSE
	EndGlobalSection
	GlobalSection(ExtensibilityGlobals) = postSolution
		SolutionGuid = {4F8B5ACE-FE10-4F25-A30D-30E0CBC9DD90}
	EndGlobalSection
EndGlobal
